{
  "version": "5",
  "remote": {
    "https://deno.land/x/ts_prometheus@v0.3.0/collector.ts": "12305e262e60de3b9b2db22670f95e388b6f4c0ff8da0fdbaf4cd4758bb5b1b6",
    "https://deno.land/x/ts_prometheus@v0.3.0/counter.ts": "c6a03fc6ceb732a70728e2633a6781f607615c5ce5e6ee46fdff34b37bde0ef5",
    "https://deno.land/x/ts_prometheus@v0.3.0/gauge.ts": "d2d3b79df3fae07652ee3b72c118cf6e96c834c82c81eb2ebf52e8f136b24fa5",
    "https://deno.land/x/ts_prometheus@v0.3.0/histogram.ts": "7585024285ef52b29054adc02d480f5ac4595e0037a8ad5bd1d75ddc205a3fd0",
    "https://deno.land/x/ts_prometheus@v0.3.0/metric.ts": "c7635f8b4ec92742e01244712bb8264c32ce91c03f3a8332b9119926dab027cb",
    "https://deno.land/x/ts_prometheus@v0.3.0/mod.ts": "9fef6a6c301da262dfa38d111cb4011e96d0c6b1c9f1a233526506c8ce8723bb",
    "https://deno.land/x/ts_prometheus@v0.3.0/registry.ts": "b7d4b4b6e008d7ffb8b4acff6a1a56b27463bfb4ecec4f0455562187f7941891",
    "https://deno.land/x/ts_prometheus@v0.3.0/summary.ts": "d1ef0341e265fa8d2a2bc42e8d732428d8aadbfa0f60ce4c2baa0486910590df"
  },
  "workspace": {
    "dependencies": [
      "jsr:@std/assert@1"
    ]
  }
}
